{"1.2.0",
[{<<"accept">>,{pkg,<<"accept">>,<<"0.3.7">>},2},
 {<<"acceptor_pool">>,{pkg,<<"acceptor_pool">>,<<"1.0.1">>},2},
 {<<"bender_client">>,
  {git,"https://github.com/valitydev/bender-client-erlang.git",
       {ref,"2fceffde5deac85d3bd3f071187041d84c8c3af4"}},
  0},
 {<<"bender_proto">>,
  {git,"https://github.com/valitydev/bender-proto.git",
       {ref,"753b935b52a52e41b571d6e580f7dfe1377364f1"}},
  1},
 {<<"binbase_proto">>,
  {git,"https://github.com/valitydev/binbase-proto.git",
       {ref,"1b6a754897d3804c1a9d0dcea5408a8ccd1c1fe0"}},
  0},
 {<<"brod">>,{pkg,<<"brod">>,<<"4.3.2">>},1},
 {<<"cache">>,{pkg,<<"cache">>,<<"2.3.3">>},0},
 {<<"canal">>,
  {git,"https://github.com/valitydev/canal",
       {ref,"89faedce3b054bcca7cc31ca64d2ead8a9402305"}},
  2},
 {<<"certifi">>,{pkg,<<"certifi">>,<<"2.8.0">>},2},
 {<<"cg_mon">>,
  {git,"https://github.com/rbkmoney/cg_mon.git",
       {ref,"5a87a37694e42b6592d3b4164ae54e0e87e24e18"}},
  1},
 {<<"chatterbox">>,{pkg,<<"ts_chatterbox">>,<<"0.15.1">>},2},
 {<<"cowboy">>,{pkg,<<"cowboy">>,<<"2.12.0">>},0},
 {<<"cowlib">>,{pkg,<<"cowlib">>,<<"2.13.0">>},1},
 {<<"crc32cer">>,{pkg,<<"crc32cer">>,<<"0.1.11">>},3},
 {<<"ctx">>,{pkg,<<"ctx">>,<<"0.6.0">>},2},
 {<<"damsel">>,
  {git,"https://github.com/valitydev/damsel.git",
       {ref,"e7a302a684deba1bb18a00d1056879329219d280"}},
  0},
 {<<"dmt_client">>,
  {git,"https://github.com/valitydev/dmt-client.git",
       {ref,"20c18cc9b51d0f273db60c929e8a8a871d6a1866"}},
  0},
 {<<"epg_connector">>,
  {git,"https://github.com/valitydev/epg_connector.git",
       {ref,"939a0d4ab3f7561a79b45381bbe13029d9263006"}},
  1},
 {<<"epg_migrator">>,
  {git,"https://github.com/valitydev/epg_migrator.git",
       {ref,"8633c43fb4d022355c1498c0effa9ecf4098a67f"}},
  1},
 {<<"epgsql">>,
  {git,"https://github.com/epgsql/epgsql.git",
       {ref,"28e9f84c95065a51e92baeb37d2cf1687fc4b9ce"}},
  2},
 {<<"eqwalizer_support">>,
  {git_subdir,"https://github.com/whatsapp/eqwalizer.git",
              {ref,"c439b2c8f8a8fac76a59a29a802eca9e1dc2aee8"},
              "eqwalizer_support"},
  0},
 {<<"erl_health">>,
  {git,"https://github.com/valitydev/erlang-health.git",
       {ref,"49716470d0e8dab5e37db55d52dea78001735a3d"}},
  0},
 {<<"erlydtl">>,{pkg,<<"erlydtl">>,<<"0.14.0">>},2},
 {<<"fault_detector_proto">>,
  {git,"https://github.com/valitydev/fault-detector-proto.git",
       {ref,"32f0b845052aa352539edade5b1efdd3c4e01371"}},
  0},
 {<<"fistful_proto">>,
  {git,"https://github.com/valitydev/fistful-proto.git",
       {ref,"f7ce08e529188f6786caffecc10978c2b28603f6"}},
  0},
 {<<"genlib">>,
  {git,"https://github.com/valitydev/genlib.git",
       {ref,"9242ecd550207769d3ea4bacd6851a074b6d9ef0"}},
  0},
 {<<"gproc">>,{pkg,<<"gproc">>,<<"0.9.0">>},0},
 {<<"grpcbox">>,{pkg,<<"grpcbox">>,<<"0.17.1">>},1},
 {<<"hackney">>,{pkg,<<"hackney">>,<<"1.18.0">>},1},
 {<<"herd">>,
  {git,"https://github.com/wgnet/herd.git",
       {ref,"934847589dcf5a6d2b02a1f546ffe91c04066f17"}},
  0},
 {<<"hpack">>,{pkg,<<"hpack_erl">>,<<"0.3.0">>},3},
 {<<"idna">>,{pkg,<<"idna">>,<<"6.1.1">>},2},
 {<<"jsone">>,{pkg,<<"jsone">>,<<"1.8.0">>},3},
 {<<"jsx">>,{pkg,<<"jsx">>,<<"3.1.0">>},1},
 {<<"kafka_protocol">>,{pkg,<<"kafka_protocol">>,<<"4.1.10">>},2},
 {<<"limiter_proto">>,
  {git,"https://github.com/valitydev/limiter-proto.git",
       {ref,"ced168a6ea11f80d62485b793b3605de68223e38"}},
  0},
 {<<"machinery">>,
  {git,"https://github.com/valitydev/machinery-erlang.git",
       {ref,"aa589e32e482097518581611cca709afeb389ebe"}},
  0},
 {<<"metrics">>,{pkg,<<"metrics">>,<<"1.0.1">>},2},
 {<<"mg_proto">>,
  {git,"https://github.com/valitydev/machinegun-proto.git",
       {ref,"cc2c27c30d30dc34c0c56fc7c7e96326d6bd6a14"}},
  0},
 {<<"mimerl">>,{pkg,<<"mimerl">>,<<"1.5.0">>},2},
 {<<"msgpack_proto">>,
  {git,"https://github.com/valitydev/msgpack-proto.git",
       {ref,"7e447496aa5df4a5f1ace7ef2e3c31248b2a3ed0"}},
  1},
 {<<"opentelemetry">>,{pkg,<<"opentelemetry">>,<<"1.5.0">>},0},
 {<<"opentelemetry_api">>,{pkg,<<"opentelemetry_api">>,<<"1.4.0">>},0},
 {<<"opentelemetry_exporter">>,
  {pkg,<<"opentelemetry_exporter">>,<<"1.8.0">>},
  0},
 {<<"parse_trans">>,{pkg,<<"parse_trans">>,<<"3.3.1">>},2},
 {<<"party_client">>,
  {git,"https://github.com/valitydev/party-client-erlang.git",
       {ref,"88cb5a9b5abd9bb437222de168bba096edd10882"}},
  0},
 {<<"payproc_errors">>,
  {git,"https://github.com/valitydev/payproc-errors-erlang.git",
       {ref,"8ae8586239ef68098398acf7eb8363d9ec3b3234"}},
  0},
 {<<"progressor">>,
  {git,"https://github.com/valitydev/progressor.git",
       {ref,"8f18b309279f0401283e8a18a0166825a8717980"}},
  0},
 {<<"prometheus">>,{pkg,<<"prometheus">>,<<"4.11.0">>},0},
 {<<"prometheus_cowboy">>,{pkg,<<"prometheus_cowboy">>,<<"0.1.9">>},0},
 {<<"prometheus_httpd">>,{pkg,<<"prometheus_httpd">>,<<"2.1.15">>},1},
 {<<"quantile_estimator">>,{pkg,<<"quantile_estimator">>,<<"0.2.1">>},1},
 {<<"quickrand">>,
  {git,"https://github.com/okeuday/quickrand.git",
       {ref,"65332de501998764f437c3ffe05d744f582d7622"}},
  1},
 {<<"ranch">>,{pkg,<<"ranch">>,<<"1.8.0">>},1},
 {<<"recon">>,{pkg,<<"recon">>,<<"2.5.2">>},0},
 {<<"scoper">>,
  {git,"https://github.com/valitydev/scoper.git",
       {ref,"0e7aa01e9632daa39727edd62d4656ee715b4569"}},
  0},
 {<<"snowflake">>,
  {git,"https://github.com/valitydev/snowflake.git",
       {ref,"de159486ef40cec67074afe71882bdc7f7deab72"}},
  1},
 {<<"ssl_verify_fun">>,{pkg,<<"ssl_verify_fun">>,<<"1.1.7">>},2},
 {<<"thrift">>,
  {git,"https://github.com/valitydev/thrift_erlang.git",
       {ref,"3a60e5dc5bbd709495024f26e100b041c3547fd9"}},
  0},
 {<<"tls_certificate_check">>,
  {pkg,<<"tls_certificate_check">>,<<"1.31.0">>},
  1},
 {<<"unicode_util_compat">>,{pkg,<<"unicode_util_compat">>,<<"0.7.1">>},2},
 {<<"uuid">>,
  {git,"https://github.com/okeuday/uuid.git",
       {ref,"7b703026df23c39a661ac8d605181943a914b6e6"}},
  0},
 {<<"validator_personal_data_proto">>,
  {git,"https://github.com/valitydev/validator-personal-data-proto.git",
       {ref,"adad5026cbac206718271d8f540edccd44f56256"}},
  0},
 {<<"woody">>,
  {git,"https://github.com/valitydev/woody_erlang.git",
       {ref,"7194b5d97fc2f68fffaf22c0278c7036b48dd11b"}},
  0}]}.
[
{pkg_hash,[
 {<<"accept">>, <<"CD6E34A2D7E28CA38B2D3CB233734CA0C221EFBC1F171F91FEC5F162CC2D18DA">>},
 {<<"acceptor_pool">>, <<"D88C2E8A0BE9216CF513FBCD3E5A4BEB36BEE3FF4168E85D6152C6F899359CDB">>},
 {<<"brod">>, <<"51F4DFF17ED43A806558EBD62CC88E7B35AED336D1BA1F3DE2D010F463D49736">>},
 {<<"cache">>, <<"B23A5FE7095445A88412A6E614C933377E0137B44FFED77C9B3FEF1A731A20B2">>},
 {<<"certifi">>, <<"D4FB0A6BB20B7C9C3643E22507E42F356AC090A1DCEA9AB99E27E0376D695EBA">>},
 {<<"chatterbox">>, <<"5CAC4D15DD7AD61FC3C4415CE4826FC563D4643DEE897A558EC4EA0B1C835C9C">>},
 {<<"cowboy">>, <<"F276D521A1FF88B2B9B4C54D0E753DA6C66DD7BE6C9FCA3D9418B561828A3731">>},
 {<<"cowlib">>, <<"DB8F7505D8332D98EF50A3EF34B34C1AFDDEC7506E4EE4DD4A3A266285D282CA">>},
 {<<"crc32cer">>, <<"B550DA6D615FEB72A882D15D020F8F7DEE72DFB2CB1BCDF3B1EE8DC2AFD68CFC">>},
 {<<"ctx">>, <<"8FF88B70E6400C4DF90142E7F130625B82086077A45364A78D208ED3ED53C7FE">>},
 {<<"erlydtl">>, <<"964B2DC84F8C17ACFAA69C59BA129EF26AC45D2BA898C3C6AD9B5BDC8BA13CED">>},
 {<<"gproc">>, <<"853CCB7805E9ADA25D227A157BA966F7B34508F386A3E7E21992B1B484230699">>},
 {<<"grpcbox">>, <<"6E040AB3EF16FE699FFB513B0EF8E2E896DA7B18931A1EF817143037C454BCCE">>},
 {<<"hackney">>, <<"C4443D960BB9FBA6D01161D01CD81173089686717D9490E5D3606644C48D121F">>},
 {<<"hpack">>, <<"2461899CC4AB6A0EF8E970C1661C5FC6A52D3C25580BC6DD204F84CE94669926">>},
 {<<"idna">>, <<"8A63070E9F7D0C62EB9D9FCB360A7DE382448200FBBD1B106CC96D3D8099DF8D">>},
 {<<"jsone">>, <<"347FF1FA700E182E1F9C5012FA6D737B12C854313B9AE6954CA75D3987D6C06D">>},
 {<<"jsx">>, <<"D12516BAA0BB23A59BB35DCCAF02A1BD08243FCBB9EFE24F2D9D056CCFF71268">>},
 {<<"kafka_protocol">>, <<"F917B6C90C8DF0DE2B40A87D6B9AE1CFCE7788E91A65818E90E40CF76111097A">>},
 {<<"metrics">>, <<"25F094DEA2CDA98213CECC3AEFF09E940299D950904393B2A29D191C346A8486">>},
 {<<"mimerl">>, <<"F35ACA6F23242339B3666E0AC0702379E362B469D0AEA167F6CC713547E777ED">>},
 {<<"opentelemetry">>, <<"7DDA6551EDFC3050EA4B0B40C0D2570423D6372B97E9C60793263EF62C53C3C2">>},
 {<<"opentelemetry_api">>, <<"63CA1742F92F00059298F478048DFB826F4B20D49534493D6919A0DB39B6DB04">>},
 {<<"opentelemetry_exporter">>, <<"5D546123230771EF4174E37BEDFD77E3374913304CD6EA3CA82A2ADD49CD5D56">>},
 {<<"parse_trans">>, <<"16328AB840CC09919BD10DAB29E431DA3AF9E9E7E7E6F0089DD5A2D2820011D8">>},
 {<<"prometheus">>, <<"B95F8DE8530F541BD95951E18E355A840003672E5EDA4788C5FA6183406BA29A">>},
 {<<"prometheus_cowboy">>, <<"D9D5B300516A61ED5AE31391F8EEEEB202230081D32A1813F2D78772B6F274E1">>},
 {<<"prometheus_httpd">>, <<"8F767D819A5D36275EAB9264AFF40D87279151646776069BF69FBDBBD562BD75">>},
 {<<"quantile_estimator">>, <<"EF50A361F11B5F26B5F16D0696E46A9E4661756492C981F7B2229EF42FF1CD15">>},
 {<<"ranch">>, <<"8C7A100A139FD57F17327B6413E4167AC559FBC04CA7448E9BE9057311597A1D">>},
 {<<"recon">>, <<"CBA53FA8DB83AD968C9A652E09C3ED7DDCC4DA434F27C3EAA9CA47FFB2B1FF03">>},
 {<<"ssl_verify_fun">>, <<"354C321CF377240C7B8716899E182CE4890C5938111A1296ADD3EC74CF1715DF">>},
 {<<"tls_certificate_check">>, <<"9A910B54D8CB96CC810CABF4C0129F21360F82022B20180849F1442A25CCBB04">>},
 {<<"unicode_util_compat">>, <<"A48703A25C170EEDADCA83B11E88985AF08D35F37C6F664D6DCFB106A97782FC">>}]},
{pkg_hash_ext,[
 {<<"accept">>, <<"CA69388943F5DAD2E7232A5478F16086E3C872F48E32B88B378E1885A59F5649">>},
 {<<"acceptor_pool">>, <<"F172F3D74513E8EDD445C257D596FC84DBDD56D2C6FA287434269648AE5A421E">>},
 {<<"brod">>, <<"88584FDEBA746AA6729E2A1826416C10899954F68AF93659B3C2F38A2DCAA27C">>},
 {<<"cache">>, <<"44516CE6FA03594D3A2AF025DD3A87BFE711000EB730219E1DDEFC816E0AA2F4">>},
 {<<"certifi">>, <<"6AC7EFC1C6F8600B08D625292D4BBF584E14847CE1B6B5C44D983D273E1097EA">>},
 {<<"chatterbox">>, <<"4F75B91451338BC0DA5F52F3480FA6EF6E3A2AEECFC33686D6B3D0A0948F31AA">>},
 {<<"cowboy">>, <<"8A7ABE6D183372CEB21CAA2709BEC928AB2B72E18A3911AA1771639BEF82651E">>},
 {<<"cowlib">>, <<"E1E1284DC3FC030A64B1AD0D8382AE7E99DA46C3246B815318A4B848873800A4">>},
 {<<"crc32cer">>, <<"A39B8F0B1990AC1BF06C3A247FC6A178B740CDFC33C3B53688DC7DD6B1855942">>},
 {<<"ctx">>, <<"A14ED2D1B67723DBEBBE423B28D7615EB0BDCBA6FF28F2D1F1B0A7E1D4AA5FC2">>},
 {<<"erlydtl">>, <<"D80EC044CD8F58809C19D29AC5605BE09E955040911B644505E31E9DD8143431">>},
 {<<"gproc">>, <<"587E8AF698CCD3504CF4BA8D90F893EDE2B0F58CABB8A916E2BF9321DE3CF10B">>},
 {<<"grpcbox">>, <<"4A3B5D7111DAABC569DC9CBD9B202A3237D81C80BF97212FBC676832CB0CEB17">>},
 {<<"hackney">>, <<"9AFCDA620704D720DB8C6A3123E9848D09C87586DC1C10479C42627B905B5C5E">>},
 {<<"hpack">>, <<"D6137D7079169D8C485C6962DFE261AF5B9EF60FBC557344511C1E65E3D95FB0">>},
 {<<"idna">>, <<"92376EB7894412ED19AC475E4A86F7B413C1B9FBB5BD16DCCD57934157944CEA">>},
 {<<"jsone">>, <<"08560B78624A12E0B5E7EC0271EC8CA38EF51F63D84D84843473E14D9B12618C">>},
 {<<"jsx">>, <<"0C5CC8FDC11B53CC25CF65AC6705AD39E54ECC56D1C22E4ADB8F5A53FB9427F3">>},
 {<<"kafka_protocol">>, <<"DF680A3706EAD8695F8B306897C0A33E8063C690DA9308DB87B462CFD7029D04">>},
 {<<"metrics">>, <<"69B09ADDDC4F74A40716AE54D140F93BEB0FB8978D8636EADED0C31B6F099F16">>},
 {<<"mimerl">>, <<"DB648CE065BAE14EA84CA8B5DD123F42F49417CEF693541110BF6F9E9BE9ECC4">>},
 {<<"opentelemetry">>, <<"CDF4F51D17B592FC592B9A75F86A6F808C23044BA7CF7B9534DEBBCC5C23B0EE">>},
 {<<"opentelemetry_api">>, <<"3DFBBFAA2C2ED3121C5C483162836C4F9027DEF469C41578AF5EF32589FCFC58">>},
 {<<"opentelemetry_exporter">>, <<"A1F9F271F8D3B02B81462A6BFEF7075FD8457FDB06ADFF5D2537DF5E2264D9AF">>},
 {<<"parse_trans">>, <<"07CD9577885F56362D414E8C4C4E6BDF10D43A8767ABB92D24CBE8B24C54888B">>},
 {<<"prometheus">>, <<"719862351AABF4DF7079B05DC085D2BBCBE3AC0AC3009E956671B1D5AB88247D">>},
 {<<"prometheus_cowboy">>, <<"5F71C039DEB9E9FF9DD6366BC74C907A463872B85286E619EFF0BDA15111695A">>},
 {<<"prometheus_httpd">>, <<"67736D000745184D5013C58A63E947821AB90CB9320BC2E6AE5D3061C6FFE039">>},
 {<<"quantile_estimator">>, <<"282A8A323CA2A845C9E6F787D166348F776C1D4A41EDE63046D72D422E3DA946">>},
 {<<"ranch">>, <<"49FBCFD3682FAB1F5D109351B61257676DA1A2FDBE295904176D5E521A2DDFE5">>},
 {<<"recon">>, <<"2C7523C8DEE91DFF41F6B3D63CBA2BD49EB6D2FE5BF1EEC0DF7F87EB5E230E1C">>},
 {<<"ssl_verify_fun">>, <<"FE4C190E8F37401D30167C8C405EDA19469F34577987C76DDE613E838BBC67F8">>},
 {<<"tls_certificate_check">>, <<"9D2B41B128D5507BD8AD93E1A998E06D0AB2F9A772AF343F4C00BF76C6BE1532">>},
 {<<"unicode_util_compat">>, <<"B3A917854CE3AE233619744AD1E0102E05673136776FB2FA76234F3E03B23642">>}]}
].
